
Microsoft Visual Studio Solution File, Format Version 12.00
# Visual Studio Version 17
VisualStudioVersion = 17.9.34616.47
MinimumVisualStudioVersion = 10.0.40219.1
Project("{FAE04EC0-301F-11D3-BF4B-00C04F79EFBC}") = "drawingMR202832", "drawingMR202832.csproj", "{2CA2B255-1F8A-4711-B286-09472F032315}"
EndProject
Global
	GlobalSection(SolutionConfigurationPlatforms) = preSolution
		Debug|Any CPU = Debug|Any CPU
		Release|Any CPU = Release|Any CPU
	EndGlobalSection
	GlobalSection(ProjectConfigurationPlatforms) = postSolution
		{2CA2B255-1F8A-4711-B286-09472F032315}.Debug|Any CPU.ActiveCfg = Debug|Any CPU
		{2CA2B255-1F8A-4711-B286-09472F032315}.Debug|Any CPU.Build.0 = Debug|Any CPU
		{2CA2B255-1F8A-4711-B286-09472F032315}.Release|Any CPU.ActiveCfg = Release|Any CPU
		{2CA2B255-1F8A-4711-B286-09472F032315}.Release|Any CPU.Build.0 = Release|Any CPU
	EndGlobalSection
	GlobalSection(SolutionProperties) = preSolution
		HideSolutionNode = FALSE
	EndGlobalSection
	GlobalSection(ExtensibilityGlobals) = postSolution
		SolutionGuid = {079E5531-CD57-4712-B898-54BCABEC3BDD}
	EndGlobalSection
EndGlobal
